# This file was autogenerated by Stack.
# You should not edit this file by hand.
# For more information, please see the documentation at:
#   https://docs.haskellstack.org/en/stable/lock_files

packages:
- completed:
    hackage: random-1.2.0@sha256:5ca8674e95c46c7eb90f520c26aea22d403625c97697275434afba66ebd32b05,5897
    pantry-tree:
      size: 1259
      sha256: 8ba46c3d6b1cd0d4a4ee472922497f8d0778a1aaf7bbcac328a0b06b4d153309
  original:
    hackage: random-1.2.0@sha256:5ca8674e95c46c7eb90f520c26aea22d403625c97697275434afba66ebd32b05,5897
- completed:
    hackage: splitmix-0.1@sha256:d50c4d0801a35be7875a040470c09863342514930c82a7d25780a6c2efc4fda9,5249
    pantry-tree:
      size: 1148
      sha256: 2c884d06818f79030551aab192eee23734fd499361f4f4dcb4c51d1b1b2d786e
  original:
    hackage: splitmix-0.1@sha256:d50c4d0801a35be7875a040470c09863342514930c82a7d25780a6c2efc4fda9,5249
- completed:
    hackage: GLUT-2.7.0.15@sha256:6eb9f21fb092bdf32f2fc0cbd314b8cbcf5b6dfe217b0aa64a6c724dd3a27460,24054
    pantry-tree:
      size: 9538
      sha256: fee3990cf08f5ae9908c42fbc341cdf6c9d6f4d81678b4050501f1c545c173a2
  original:
    hackage: GLUT-2.7.0.15@sha256:6eb9f21fb092bdf32f2fc0cbd314b8cbcf5b6dfe217b0aa64a6c724dd3a27460,24054
- completed:
    hackage: OpenGL-3.0.3.0@sha256:811cf7cf2f325bde04efb021ef9b6a86a3b7383583f4bc6471b7a66c56ae889c,7985
    pantry-tree:
      size: 11166
      sha256: 1e7768ac1d08d7bacfd7777de99bf23021504c89b76e910ac79d0d12bf4aad12
  original:
    hackage: OpenGL-3.0.3.0@sha256:811cf7cf2f325bde04efb021ef9b6a86a3b7383583f4bc6471b7a66c56ae889c,7985
- completed:
    hackage: GLURaw-2.0.0.4@sha256:4cf1d891f1960a941ff315eae8e229cfd6e36fc793d6546d837e866d9de13f8d,2378
    pantry-tree:
      size: 712
      sha256: 7c1df3644b96a8b3f91c935521e5e7ab578b14135324a807eb54acd0bce957b9
  original:
    hackage: GLURaw-2.0.0.4@sha256:4cf1d891f1960a941ff315eae8e229cfd6e36fc793d6546d837e866d9de13f8d,2378
- completed:
    hackage: ObjectName-1.1.0.1@sha256:de422b3691ffa4fee0112c750fccc3d2edcab6aa876a0ad71c364f1200f43b52,976
    pantry-tree:
      size: 264
      sha256: d2b1af158e141393d23ce143b8cc2255a62da9af11b08f83d9583a814f0a15ba
  original:
    hackage: ObjectName-1.1.0.1@sha256:de422b3691ffa4fee0112c750fccc3d2edcab6aa876a0ad71c364f1200f43b52,976
- completed:
    hackage: OpenGLRaw-3.3.4.0@sha256:26685d56510ea0332cd8657c5d035c5b48a743725a512e561365ce072e60d27c,25510
    pantry-tree:
      size: 48782
      sha256: a7fd7cc558224c64bf7051a2027ae8bb517cbb5a79a43c37e3fac01e5f6c2aca
  original:
    hackage: OpenGLRaw-3.3.4.0@sha256:26685d56510ea0332cd8657c5d035c5b48a743725a512e561365ce072e60d27c,25510
- completed:
    hackage: StateVar-1.2@sha256:9ab3e4a0e252d28bc2f799c83e0725c3e23e8d3b722cff0fdb9822e64b6c16ac,1413
    pantry-tree:
      size: 314
      sha256: 7e528e8de1df24f858e0be63bf8987537b2752a3d4f6ec823e5ac0e1dc7f1520
  original:
    hackage: StateVar-1.2@sha256:9ab3e4a0e252d28bc2f799c83e0725c3e23e8d3b722cff0fdb9822e64b6c16ac,1413
- completed:
    hackage: fixed-0.3@sha256:f76bb14011911bdd9d71ecc16ffc8000821adfefdd48b38f952b2484900f37f6,868
    pantry-tree:
      size: 426
      sha256: 6ab63adf4af4b898400af30d98bc31669c8509c20067ccd04831264991bc78b2
  original:
    hackage: fixed-0.3@sha256:f76bb14011911bdd9d71ecc16ffc8000821adfefdd48b38f952b2484900f37f6,868
- completed:
    hackage: half-0.3@sha256:48cc70e3cd42ccd13039b8d5865ca3aeffe526572aff7e2baf9cf9c28bc31eeb,1316
    pantry-tree:
      size: 528
      sha256: 4afa0f46ce45f87a9057f07daebb7c307b1fe198103234536b88f716a201e5e8
  original:
    hackage: half-0.3@sha256:48cc70e3cd42ccd13039b8d5865ca3aeffe526572aff7e2baf9cf9c28bc31eeb,1316
snapshots:
- completed:
    size: 531932
    url: https://raw.githubusercontent.com/commercialhaskell/stackage-snapshots/master/lts/16/7.yaml
    sha256: 96ceeddd4fd68b2d430f7695a12eadefee760b7034c88c75d99d0f380f483068
  original: lts-16.7
